
Microsoft Visual Studio Solution File, Format Version 12.00
# Visual Studio Version 16
VisualStudioVersion = 16.0.33423.256
MinimumVisualStudioVersion = 10.0.40219.1
Project("{FAE04EC0-301F-11D3-BF4B-00C04F79EFBC}") = "Поворотна_Решітка_Кардано_курсова_Латиш", "Поворотна_Решітка_Кардано_курсова_Латиш\Поворотна_Решітка_Кардано_курсова_Латиш.csproj", "{2F39BD19-DCB8-446F-9A5F-1AE1F75D0A97}"
EndProject
Global
	GlobalSection(SolutionConfigurationPlatforms) = preSolution
		Debug|Any CPU = Debug|Any CPU
		Release|Any CPU = Release|Any CPU
	EndGlobalSection
	GlobalSection(ProjectConfigurationPlatforms) = postSolution
		{2F39BD19-DCB8-446F-9A5F-1AE1F75D0A97}.Debug|Any CPU.ActiveCfg = Debug|Any CPU
		{2F39BD19-DCB8-446F-9A5F-1AE1F75D0A97}.Debug|Any CPU.Build.0 = Debug|Any CPU
		{2F39BD19-DCB8-446F-9A5F-1AE1F75D0A97}.Release|Any CPU.ActiveCfg = Release|Any CPU
		{2F39BD19-DCB8-446F-9A5F-1AE1F75D0A97}.Release|Any CPU.Build.0 = Release|Any CPU
	EndGlobalSection
	GlobalSection(SolutionProperties) = preSolution
		HideSolutionNode = FALSE
	EndGlobalSection
	GlobalSection(ExtensibilityGlobals) = postSolution
		SolutionGuid = {1191585C-0A8D-46E5-8BAB-577F24A4C27F}
	EndGlobalSection
EndGlobal
